
Microsoft Visual Studio Solution File, Format Version 11.00
# Visual Studio 2010
Project("{2150E333-8FDC-42A3-9474-1A3956D46DE8}") = "Bin", "Bin", "{C0B8E7F5-2E5D-44AF-B8D7-B20F0EB0D2E6}"
	ProjectSection(SolutionItems) = preProject
		Bin\Elmah.dll = Bin\Elmah.dll
	EndProjectSection
EndProject
Project("{E24C65DC-7377-472B-9ABA-BC803B73C61A}") = "AD419.Web", "AD419.Web\", "{ECD67EBA-273F-432A-93B3-1330413CACFF}"
	ProjectSection(WebsiteProperties) = preProject
		SccProjectName = ""
		SccAuxPath = ""
		SccLocalPath = ""
		SccProvider = ""
		TargetFrameworkMoniker = ".NETFramework,Version%3Dv3.5"
		Debug.AspNetCompiler.VirtualPath = "/AD419.Web"
		Debug.AspNetCompiler.PhysicalPath = "AD419.Web\"
		Debug.AspNetCompiler.TargetPath = "PrecompiledWeb\AD419.Web\"
		Debug.AspNetCompiler.Updateable = "true"
		Debug.AspNetCompiler.ForceOverwrite = "true"
		Debug.AspNetCompiler.FixedNames = "false"
		Debug.AspNetCompiler.Debug = "True"
		Release.AspNetCompiler.VirtualPath = "/AD419.Web"
		Release.AspNetCompiler.PhysicalPath = "AD419.Web\"
		Release.AspNetCompiler.TargetPath = "PrecompiledWeb\AD419.Web\"
		Release.AspNetCompiler.Updateable = "true"
		Release.AspNetCompiler.ForceOverwrite = "true"
		Release.AspNetCompiler.FixedNames = "false"
		Release.AspNetCompiler.Debug = "False"
		VWDPort = "3381"
	EndProjectSection
EndProject
Project("{54435603-DBB4-11D2-8724-00A0C9A8B90C}") = "AD419_Setup", "AD419.Setup\AD419_Setup.vdproj", "{6016D790-8B23-4911-BD3D-F9833383FC22}"
EndProject
Project("{F14B399A-7131-4C87-9E4B-1186C45EF12D}") = "AD419Reports", "AD419.Reports\AD419Reports\AD419Reports.rptproj", "{F6BCE6B8-1497-421F-A9E0-539197D6A5A0}"
EndProject
Project("{2CFEAB61-6A3B-4EB8-B523-560B4BEEF521}") = "AD419.Web_deploy", "AD419.Web_deploy\AD419.Web_deploy.wdproj", "{B3C089B9-F008-46E2-A223-BAE717354FDD}"
EndProject
Project("{C8D11400-126E-41CD-887F-60BD40844F9E}") = "Database", "..\AD419 Database\Database\Database.dbproj", "{67CBC824-A49E-4E9B-A947-360F3DFE65C3}"
EndProject
Project("{C8D11400-126E-41CD-887F-60BD40844F9E}") = "FISDatamart", "..\AD419 Database\FISDatamart\FISDatamart.dbproj", "{EB6D4E7D-2987-4C61-932D-9B5BEA13EDC3}"
EndProject
Project("{C8D11400-126E-41CD-887F-60BD40844F9E}") = "PPSDataMart", "..\AD419 Database\PPSDataMart\PPSDataMart.dbproj", "{C8AFAB79-BAE8-4C81-A621-BF014E57C1E2}"
EndProject
Project("{C8D11400-126E-41CD-887F-60BD40844F9E}") = "Catbert3", "..\AD419 Database\Catbert3\Catbert3.dbproj", "{D5BA153F-E44C-4A1F-9A11-FB0E4B4010FE}"
EndProject
Global
	GlobalSection(SolutionConfigurationPlatforms) = preSolution
		Debug|.NET = Debug|.NET
		Debug|Any CPU = Debug|Any CPU
		Debug|Mixed Platforms = Debug|Mixed Platforms
		DebugLocal|.NET = DebugLocal|.NET
		DebugLocal|Any CPU = DebugLocal|Any CPU
		DebugLocal|Mixed Platforms = DebugLocal|Mixed Platforms
		Production|.NET = Production|.NET
		Production|Any CPU = Production|Any CPU
		Production|Mixed Platforms = Production|Mixed Platforms
		Release|.NET = Release|.NET
		Release|Any CPU = Release|Any CPU
		Release|Mixed Platforms = Release|Mixed Platforms
	EndGlobalSection
	GlobalSection(ProjectConfigurationPlatforms) = postSolution
		{ECD67EBA-273F-432A-93B3-1330413CACFF}.Debug|.NET.ActiveCfg = Debug|Any CPU
		{ECD67EBA-273F-432A-93B3-1330413CACFF}.Debug|Any CPU.ActiveCfg = Debug|Any CPU
		{ECD67EBA-273F-432A-93B3-1330413CACFF}.Debug|Any CPU.Build.0 = Debug|Any CPU
		{ECD67EBA-273F-432A-93B3-1330413CACFF}.Debug|Mixed Platforms.ActiveCfg = Debug|Any CPU
		{ECD67EBA-273F-432A-93B3-1330413CACFF}.Debug|Mixed Platforms.Build.0 = Debug|Any CPU
		{ECD67EBA-273F-432A-93B3-1330413CACFF}.DebugLocal|.NET.ActiveCfg = Debug|Any CPU
		{ECD67EBA-273F-432A-93B3-1330413CACFF}.DebugLocal|Any CPU.ActiveCfg = Debug|Any CPU
		{ECD67EBA-273F-432A-93B3-1330413CACFF}.DebugLocal|Any CPU.Build.0 = Debug|Any CPU
		{ECD67EBA-273F-432A-93B3-1330413CACFF}.DebugLocal|Mixed Platforms.ActiveCfg = Debug|Any CPU
		{ECD67EBA-273F-432A-93B3-1330413CACFF}.DebugLocal|Mixed Platforms.Build.0 = Debug|Any CPU
		{ECD67EBA-273F-432A-93B3-1330413CACFF}.Production|.NET.ActiveCfg = Debug|Any CPU
		{ECD67EBA-273F-432A-93B3-1330413CACFF}.Production|Any CPU.ActiveCfg = Debug|Any CPU
		{ECD67EBA-273F-432A-93B3-1330413CACFF}.Production|Any CPU.Build.0 = Debug|Any CPU
		{ECD67EBA-273F-432A-93B3-1330413CACFF}.Production|Mixed Platforms.ActiveCfg = Debug|Any CPU
		{ECD67EBA-273F-432A-93B3-1330413CACFF}.Production|Mixed Platforms.Build.0 = Debug|Any CPU
		{ECD67EBA-273F-432A-93B3-1330413CACFF}.Release|.NET.ActiveCfg = Debug|Any CPU
		{ECD67EBA-273F-432A-93B3-1330413CACFF}.Release|Any CPU.ActiveCfg = Debug|Any CPU
		{ECD67EBA-273F-432A-93B3-1330413CACFF}.Release|Any CPU.Build.0 = Debug|Any CPU
		{ECD67EBA-273F-432A-93B3-1330413CACFF}.Release|Mixed Platforms.ActiveCfg = Debug|Any CPU
		{ECD67EBA-273F-432A-93B3-1330413CACFF}.Release|Mixed Platforms.Build.0 = Debug|Any CPU
		{6016D790-8B23-4911-BD3D-F9833383FC22}.Debug|.NET.ActiveCfg = Debug
		{6016D790-8B23-4911-BD3D-F9833383FC22}.Debug|.NET.Build.0 = Debug
		{6016D790-8B23-4911-BD3D-F9833383FC22}.Debug|Any CPU.ActiveCfg = Debug
		{6016D790-8B23-4911-BD3D-F9833383FC22}.Debug|Any CPU.Build.0 = Debug
		{6016D790-8B23-4911-BD3D-F9833383FC22}.Debug|Mixed Platforms.ActiveCfg = Debug
		{6016D790-8B23-4911-BD3D-F9833383FC22}.DebugLocal|.NET.ActiveCfg = Debug
		{6016D790-8B23-4911-BD3D-F9833383FC22}.DebugLocal|.NET.Build.0 = Debug
		{6016D790-8B23-4911-BD3D-F9833383FC22}.DebugLocal|Any CPU.ActiveCfg = Debug
		{6016D790-8B23-4911-BD3D-F9833383FC22}.DebugLocal|Any CPU.Build.0 = Debug
		{6016D790-8B23-4911-BD3D-F9833383FC22}.DebugLocal|Mixed Platforms.ActiveCfg = Debug
		{6016D790-8B23-4911-BD3D-F9833383FC22}.Production|.NET.ActiveCfg = Release
		{6016D790-8B23-4911-BD3D-F9833383FC22}.Production|.NET.Build.0 = Release
		{6016D790-8B23-4911-BD3D-F9833383FC22}.Production|Any CPU.ActiveCfg = Release
		{6016D790-8B23-4911-BD3D-F9833383FC22}.Production|Any CPU.Build.0 = Release
		{6016D790-8B23-4911-BD3D-F9833383FC22}.Production|Mixed Platforms.ActiveCfg = Release
		{6016D790-8B23-4911-BD3D-F9833383FC22}.Production|Mixed Platforms.Build.0 = Release
		{6016D790-8B23-4911-BD3D-F9833383FC22}.Release|.NET.ActiveCfg = Release
		{6016D790-8B23-4911-BD3D-F9833383FC22}.Release|.NET.Build.0 = Release
		{6016D790-8B23-4911-BD3D-F9833383FC22}.Release|Any CPU.ActiveCfg = Release
		{6016D790-8B23-4911-BD3D-F9833383FC22}.Release|Any CPU.Build.0 = Release
		{6016D790-8B23-4911-BD3D-F9833383FC22}.Release|Mixed Platforms.ActiveCfg = Release
		{6016D790-8B23-4911-BD3D-F9833383FC22}.Release|Mixed Platforms.Build.0 = Release
		{F6BCE6B8-1497-421F-A9E0-539197D6A5A0}.Debug|.NET.ActiveCfg = DebugLocal
		{F6BCE6B8-1497-421F-A9E0-539197D6A5A0}.Debug|.NET.Build.0 = DebugLocal
		{F6BCE6B8-1497-421F-A9E0-539197D6A5A0}.Debug|.NET.Deploy.0 = DebugLocal
		{F6BCE6B8-1497-421F-A9E0-539197D6A5A0}.Debug|Any CPU.ActiveCfg = DebugLocal
		{F6BCE6B8-1497-421F-A9E0-539197D6A5A0}.Debug|Any CPU.Build.0 = DebugLocal
		{F6BCE6B8-1497-421F-A9E0-539197D6A5A0}.Debug|Any CPU.Deploy.0 = DebugLocal
		{F6BCE6B8-1497-421F-A9E0-539197D6A5A0}.Debug|Mixed Platforms.ActiveCfg = Debug
		{F6BCE6B8-1497-421F-A9E0-539197D6A5A0}.DebugLocal|.NET.ActiveCfg = DebugLocal
		{F6BCE6B8-1497-421F-A9E0-539197D6A5A0}.DebugLocal|.NET.Build.0 = DebugLocal
		{F6BCE6B8-1497-421F-A9E0-539197D6A5A0}.DebugLocal|.NET.Deploy.0 = DebugLocal
		{F6BCE6B8-1497-421F-A9E0-539197D6A5A0}.DebugLocal|Any CPU.ActiveCfg = DebugLocal
		{F6BCE6B8-1497-421F-A9E0-539197D6A5A0}.DebugLocal|Any CPU.Build.0 = DebugLocal
		{F6BCE6B8-1497-421F-A9E0-539197D6A5A0}.DebugLocal|Any CPU.Deploy.0 = DebugLocal
		{F6BCE6B8-1497-421F-A9E0-539197D6A5A0}.DebugLocal|Mixed Platforms.ActiveCfg = DebugLocal
		{F6BCE6B8-1497-421F-A9E0-539197D6A5A0}.Production|.NET.ActiveCfg = Production
		{F6BCE6B8-1497-421F-A9E0-539197D6A5A0}.Production|.NET.Build.0 = Production
		{F6BCE6B8-1497-421F-A9E0-539197D6A5A0}.Production|.NET.Deploy.0 = Production
		{F6BCE6B8-1497-421F-A9E0-539197D6A5A0}.Production|Any CPU.ActiveCfg = Production
		{F6BCE6B8-1497-421F-A9E0-539197D6A5A0}.Production|Any CPU.Build.0 = Production
		{F6BCE6B8-1497-421F-A9E0-539197D6A5A0}.Production|Any CPU.Deploy.0 = Production
		{F6BCE6B8-1497-421F-A9E0-539197D6A5A0}.Production|Mixed Platforms.ActiveCfg = Production
		{F6BCE6B8-1497-421F-A9E0-539197D6A5A0}.Production|Mixed Platforms.Build.0 = Production
		{F6BCE6B8-1497-421F-A9E0-539197D6A5A0}.Production|Mixed Platforms.Deploy.0 = Production
		{F6BCE6B8-1497-421F-A9E0-539197D6A5A0}.Release|.NET.ActiveCfg = Production
		{F6BCE6B8-1497-421F-A9E0-539197D6A5A0}.Release|.NET.Build.0 = Production
		{F6BCE6B8-1497-421F-A9E0-539197D6A5A0}.Release|.NET.Deploy.0 = Production
		{F6BCE6B8-1497-421F-A9E0-539197D6A5A0}.Release|Any CPU.ActiveCfg = Production
		{F6BCE6B8-1497-421F-A9E0-539197D6A5A0}.Release|Any CPU.Build.0 = Production
		{F6BCE6B8-1497-421F-A9E0-539197D6A5A0}.Release|Any CPU.Deploy.0 = Production
		{F6BCE6B8-1497-421F-A9E0-539197D6A5A0}.Release|Mixed Platforms.ActiveCfg = Production
		{F6BCE6B8-1497-421F-A9E0-539197D6A5A0}.Release|Mixed Platforms.Build.0 = Production
		{F6BCE6B8-1497-421F-A9E0-539197D6A5A0}.Release|Mixed Platforms.Deploy.0 = Production
		{B3C089B9-F008-46E2-A223-BAE717354FDD}.Debug|.NET.ActiveCfg = Debug|Any CPU
		{B3C089B9-F008-46E2-A223-BAE717354FDD}.Debug|Any CPU.ActiveCfg = Debug|Any CPU
		{B3C089B9-F008-46E2-A223-BAE717354FDD}.Debug|Any CPU.Build.0 = Debug|Any CPU
		{B3C089B9-F008-46E2-A223-BAE717354FDD}.Debug|Mixed Platforms.ActiveCfg = Debug|Any CPU
		{B3C089B9-F008-46E2-A223-BAE717354FDD}.Debug|Mixed Platforms.Build.0 = Debug|Any CPU
		{B3C089B9-F008-46E2-A223-BAE717354FDD}.DebugLocal|.NET.ActiveCfg = Debug|Any CPU
		{B3C089B9-F008-46E2-A223-BAE717354FDD}.DebugLocal|Any CPU.ActiveCfg = Debug|Any CPU
		{B3C089B9-F008-46E2-A223-BAE717354FDD}.DebugLocal|Any CPU.Build.0 = Debug|Any CPU
		{B3C089B9-F008-46E2-A223-BAE717354FDD}.DebugLocal|Mixed Platforms.ActiveCfg = Debug|Any CPU
		{B3C089B9-F008-46E2-A223-BAE717354FDD}.DebugLocal|Mixed Platforms.Build.0 = Debug|Any CPU
		{B3C089B9-F008-46E2-A223-BAE717354FDD}.Production|.NET.ActiveCfg = Release|Any CPU
		{B3C089B9-F008-46E2-A223-BAE717354FDD}.Production|Any CPU.ActiveCfg = Release|Any CPU
		{B3C089B9-F008-46E2-A223-BAE717354FDD}.Production|Any CPU.Build.0 = Release|Any CPU
		{B3C089B9-F008-46E2-A223-BAE717354FDD}.Production|Mixed Platforms.ActiveCfg = Release|Any CPU
		{B3C089B9-F008-46E2-A223-BAE717354FDD}.Production|Mixed Platforms.Build.0 = Release|Any CPU
		{B3C089B9-F008-46E2-A223-BAE717354FDD}.Release|.NET.ActiveCfg = Release|Any CPU
		{B3C089B9-F008-46E2-A223-BAE717354FDD}.Release|Any CPU.ActiveCfg = Release|Any CPU
		{B3C089B9-F008-46E2-A223-BAE717354FDD}.Release|Any CPU.Build.0 = Release|Any CPU
		{B3C089B9-F008-46E2-A223-BAE717354FDD}.Release|Mixed Platforms.ActiveCfg = Release|Any CPU
		{B3C089B9-F008-46E2-A223-BAE717354FDD}.Release|Mixed Platforms.Build.0 = Release|Any CPU
		{67CBC824-A49E-4E9B-A947-360F3DFE65C3}.Debug|.NET.ActiveCfg = Debug|Any CPU
		{67CBC824-A49E-4E9B-A947-360F3DFE65C3}.Debug|Any CPU.ActiveCfg = Debug|Any CPU
		{67CBC824-A49E-4E9B-A947-360F3DFE65C3}.Debug|Any CPU.Build.0 = Debug|Any CPU
		{67CBC824-A49E-4E9B-A947-360F3DFE65C3}.Debug|Any CPU.Deploy.0 = Debug|Any CPU
		{67CBC824-A49E-4E9B-A947-360F3DFE65C3}.Debug|Mixed Platforms.ActiveCfg = Debug|Any CPU
		{67CBC824-A49E-4E9B-A947-360F3DFE65C3}.Debug|Mixed Platforms.Build.0 = Debug|Any CPU
		{67CBC824-A49E-4E9B-A947-360F3DFE65C3}.Debug|Mixed Platforms.Deploy.0 = Debug|Any CPU
		{67CBC824-A49E-4E9B-A947-360F3DFE65C3}.DebugLocal|.NET.ActiveCfg = Debug|Any CPU
		{67CBC824-A49E-4E9B-A947-360F3DFE65C3}.DebugLocal|Any CPU.ActiveCfg = Debug|Any CPU
		{67CBC824-A49E-4E9B-A947-360F3DFE65C3}.DebugLocal|Any CPU.Build.0 = Debug|Any CPU
		{67CBC824-A49E-4E9B-A947-360F3DFE65C3}.DebugLocal|Any CPU.Deploy.0 = Debug|Any CPU
		{67CBC824-A49E-4E9B-A947-360F3DFE65C3}.DebugLocal|Mixed Platforms.ActiveCfg = Debug|Any CPU
		{67CBC824-A49E-4E9B-A947-360F3DFE65C3}.DebugLocal|Mixed Platforms.Build.0 = Debug|Any CPU
		{67CBC824-A49E-4E9B-A947-360F3DFE65C3}.DebugLocal|Mixed Platforms.Deploy.0 = Debug|Any CPU
		{67CBC824-A49E-4E9B-A947-360F3DFE65C3}.Production|.NET.ActiveCfg = Debug|Any CPU
		{67CBC824-A49E-4E9B-A947-360F3DFE65C3}.Production|Any CPU.ActiveCfg = Debug|Any CPU
		{67CBC824-A49E-4E9B-A947-360F3DFE65C3}.Production|Any CPU.Build.0 = Debug|Any CPU
		{67CBC824-A49E-4E9B-A947-360F3DFE65C3}.Production|Any CPU.Deploy.0 = Debug|Any CPU
		{67CBC824-A49E-4E9B-A947-360F3DFE65C3}.Production|Mixed Platforms.ActiveCfg = Debug|Any CPU
		{67CBC824-A49E-4E9B-A947-360F3DFE65C3}.Production|Mixed Platforms.Build.0 = Debug|Any CPU
		{67CBC824-A49E-4E9B-A947-360F3DFE65C3}.Production|Mixed Platforms.Deploy.0 = Debug|Any CPU
		{67CBC824-A49E-4E9B-A947-360F3DFE65C3}.Release|.NET.ActiveCfg = Release|Any CPU
		{67CBC824-A49E-4E9B-A947-360F3DFE65C3}.Release|Any CPU.ActiveCfg = Release|Any CPU
		{67CBC824-A49E-4E9B-A947-360F3DFE65C3}.Release|Any CPU.Build.0 = Release|Any CPU
		{67CBC824-A49E-4E9B-A947-360F3DFE65C3}.Release|Any CPU.Deploy.0 = Release|Any CPU
		{67CBC824-A49E-4E9B-A947-360F3DFE65C3}.Release|Mixed Platforms.ActiveCfg = Release|Any CPU
		{67CBC824-A49E-4E9B-A947-360F3DFE65C3}.Release|Mixed Platforms.Build.0 = Release|Any CPU
		{67CBC824-A49E-4E9B-A947-360F3DFE65C3}.Release|Mixed Platforms.Deploy.0 = Release|Any CPU
		{EB6D4E7D-2987-4C61-932D-9B5BEA13EDC3}.Debug|.NET.ActiveCfg = Debug|Any CPU
		{EB6D4E7D-2987-4C61-932D-9B5BEA13EDC3}.Debug|Any CPU.ActiveCfg = Debug|Any CPU
		{EB6D4E7D-2987-4C61-932D-9B5BEA13EDC3}.Debug|Any CPU.Build.0 = Debug|Any CPU
		{EB6D4E7D-2987-4C61-932D-9B5BEA13EDC3}.Debug|Any CPU.Deploy.0 = Debug|Any CPU
		{EB6D4E7D-2987-4C61-932D-9B5BEA13EDC3}.Debug|Mixed Platforms.ActiveCfg = Debug|Any CPU
		{EB6D4E7D-2987-4C61-932D-9B5BEA13EDC3}.Debug|Mixed Platforms.Build.0 = Debug|Any CPU
		{EB6D4E7D-2987-4C61-932D-9B5BEA13EDC3}.Debug|Mixed Platforms.Deploy.0 = Debug|Any CPU
		{EB6D4E7D-2987-4C61-932D-9B5BEA13EDC3}.DebugLocal|.NET.ActiveCfg = Debug|Any CPU
		{EB6D4E7D-2987-4C61-932D-9B5BEA13EDC3}.DebugLocal|Any CPU.ActiveCfg = Debug|Any CPU
		{EB6D4E7D-2987-4C61-932D-9B5BEA13EDC3}.DebugLocal|Any CPU.Build.0 = Debug|Any CPU
		{EB6D4E7D-2987-4C61-932D-9B5BEA13EDC3}.DebugLocal|Any CPU.Deploy.0 = Debug|Any CPU
		{EB6D4E7D-2987-4C61-932D-9B5BEA13EDC3}.DebugLocal|Mixed Platforms.ActiveCfg = Debug|Any CPU
		{EB6D4E7D-2987-4C61-932D-9B5BEA13EDC3}.DebugLocal|Mixed Platforms.Build.0 = Debug|Any CPU
		{EB6D4E7D-2987-4C61-932D-9B5BEA13EDC3}.DebugLocal|Mixed Platforms.Deploy.0 = Debug|Any CPU
		{EB6D4E7D-2987-4C61-932D-9B5BEA13EDC3}.Production|.NET.ActiveCfg = Debug|Any CPU
		{EB6D4E7D-2987-4C61-932D-9B5BEA13EDC3}.Production|Any CPU.ActiveCfg = Debug|Any CPU
		{EB6D4E7D-2987-4C61-932D-9B5BEA13EDC3}.Production|Any CPU.Build.0 = Debug|Any CPU
		{EB6D4E7D-2987-4C61-932D-9B5BEA13EDC3}.Production|Any CPU.Deploy.0 = Debug|Any CPU
		{EB6D4E7D-2987-4C61-932D-9B5BEA13EDC3}.Production|Mixed Platforms.ActiveCfg = Debug|Any CPU
		{EB6D4E7D-2987-4C61-932D-9B5BEA13EDC3}.Production|Mixed Platforms.Build.0 = Debug|Any CPU
		{EB6D4E7D-2987-4C61-932D-9B5BEA13EDC3}.Production|Mixed Platforms.Deploy.0 = Debug|Any CPU
		{EB6D4E7D-2987-4C61-932D-9B5BEA13EDC3}.Release|.NET.ActiveCfg = Release|Any CPU
		{EB6D4E7D-2987-4C61-932D-9B5BEA13EDC3}.Release|Any CPU.ActiveCfg = Release|Any CPU
		{EB6D4E7D-2987-4C61-932D-9B5BEA13EDC3}.Release|Any CPU.Build.0 = Release|Any CPU
		{EB6D4E7D-2987-4C61-932D-9B5BEA13EDC3}.Release|Any CPU.Deploy.0 = Release|Any CPU
		{EB6D4E7D-2987-4C61-932D-9B5BEA13EDC3}.Release|Mixed Platforms.ActiveCfg = Release|Any CPU
		{EB6D4E7D-2987-4C61-932D-9B5BEA13EDC3}.Release|Mixed Platforms.Build.0 = Release|Any CPU
		{EB6D4E7D-2987-4C61-932D-9B5BEA13EDC3}.Release|Mixed Platforms.Deploy.0 = Release|Any CPU
		{C8AFAB79-BAE8-4C81-A621-BF014E57C1E2}.Debug|.NET.ActiveCfg = Debug|Any CPU
		{C8AFAB79-BAE8-4C81-A621-BF014E57C1E2}.Debug|Any CPU.ActiveCfg = Debug|Any CPU
		{C8AFAB79-BAE8-4C81-A621-BF014E57C1E2}.Debug|Any CPU.Build.0 = Debug|Any CPU
		{C8AFAB79-BAE8-4C81-A621-BF014E57C1E2}.Debug|Any CPU.Deploy.0 = Debug|Any CPU
		{C8AFAB79-BAE8-4C81-A621-BF014E57C1E2}.Debug|Mixed Platforms.ActiveCfg = Debug|Any CPU
		{C8AFAB79-BAE8-4C81-A621-BF014E57C1E2}.Debug|Mixed Platforms.Build.0 = Debug|Any CPU
		{C8AFAB79-BAE8-4C81-A621-BF014E57C1E2}.Debug|Mixed Platforms.Deploy.0 = Debug|Any CPU
		{C8AFAB79-BAE8-4C81-A621-BF014E57C1E2}.DebugLocal|.NET.ActiveCfg = Debug|Any CPU
		{C8AFAB79-BAE8-4C81-A621-BF014E57C1E2}.DebugLocal|Any CPU.ActiveCfg = Debug|Any CPU
		{C8AFAB79-BAE8-4C81-A621-BF014E57C1E2}.DebugLocal|Any CPU.Build.0 = Debug|Any CPU
		{C8AFAB79-BAE8-4C81-A621-BF014E57C1E2}.DebugLocal|Any CPU.Deploy.0 = Debug|Any CPU
		{C8AFAB79-BAE8-4C81-A621-BF014E57C1E2}.DebugLocal|Mixed Platforms.ActiveCfg = Debug|Any CPU
		{C8AFAB79-BAE8-4C81-A621-BF014E57C1E2}.DebugLocal|Mixed Platforms.Build.0 = Debug|Any CPU
		{C8AFAB79-BAE8-4C81-A621-BF014E57C1E2}.DebugLocal|Mixed Platforms.Deploy.0 = Debug|Any CPU
		{C8AFAB79-BAE8-4C81-A621-BF014E57C1E2}.Production|.NET.ActiveCfg = Debug|Any CPU
		{C8AFAB79-BAE8-4C81-A621-BF014E57C1E2}.Production|Any CPU.ActiveCfg = Debug|Any CPU
		{C8AFAB79-BAE8-4C81-A621-BF014E57C1E2}.Production|Any CPU.Build.0 = Debug|Any CPU
		{C8AFAB79-BAE8-4C81-A621-BF014E57C1E2}.Production|Any CPU.Deploy.0 = Debug|Any CPU
		{C8AFAB79-BAE8-4C81-A621-BF014E57C1E2}.Production|Mixed Platforms.ActiveCfg = Debug|Any CPU
		{C8AFAB79-BAE8-4C81-A621-BF014E57C1E2}.Production|Mixed Platforms.Build.0 = Debug|Any CPU
		{C8AFAB79-BAE8-4C81-A621-BF014E57C1E2}.Production|Mixed Platforms.Deploy.0 = Debug|Any CPU
		{C8AFAB79-BAE8-4C81-A621-BF014E57C1E2}.Release|.NET.ActiveCfg = Release|Any CPU
		{C8AFAB79-BAE8-4C81-A621-BF014E57C1E2}.Release|Any CPU.ActiveCfg = Release|Any CPU
		{C8AFAB79-BAE8-4C81-A621-BF014E57C1E2}.Release|Any CPU.Build.0 = Release|Any CPU
		{C8AFAB79-BAE8-4C81-A621-BF014E57C1E2}.Release|Any CPU.Deploy.0 = Release|Any CPU
		{C8AFAB79-BAE8-4C81-A621-BF014E57C1E2}.Release|Mixed Platforms.ActiveCfg = Release|Any CPU
		{C8AFAB79-BAE8-4C81-A621-BF014E57C1E2}.Release|Mixed Platforms.Build.0 = Release|Any CPU
		{C8AFAB79-BAE8-4C81-A621-BF014E57C1E2}.Release|Mixed Platforms.Deploy.0 = Release|Any CPU
		{D5BA153F-E44C-4A1F-9A11-FB0E4B4010FE}.Debug|.NET.ActiveCfg = Debug|Any CPU
		{D5BA153F-E44C-4A1F-9A11-FB0E4B4010FE}.Debug|Any CPU.ActiveCfg = Debug|Any CPU
		{D5BA153F-E44C-4A1F-9A11-FB0E4B4010FE}.Debug|Any CPU.Build.0 = Debug|Any CPU
		{D5BA153F-E44C-4A1F-9A11-FB0E4B4010FE}.Debug|Any CPU.Deploy.0 = Debug|Any CPU
		{D5BA153F-E44C-4A1F-9A11-FB0E4B4010FE}.Debug|Mixed Platforms.ActiveCfg = Debug|Any CPU
		{D5BA153F-E44C-4A1F-9A11-FB0E4B4010FE}.Debug|Mixed Platforms.Build.0 = Debug|Any CPU
		{D5BA153F-E44C-4A1F-9A11-FB0E4B4010FE}.Debug|Mixed Platforms.Deploy.0 = Debug|Any CPU
		{D5BA153F-E44C-4A1F-9A11-FB0E4B4010FE}.DebugLocal|.NET.ActiveCfg = Debug|Any CPU
		{D5BA153F-E44C-4A1F-9A11-FB0E4B4010FE}.DebugLocal|Any CPU.ActiveCfg = Debug|Any CPU
		{D5BA153F-E44C-4A1F-9A11-FB0E4B4010FE}.DebugLocal|Any CPU.Build.0 = Debug|Any CPU
		{D5BA153F-E44C-4A1F-9A11-FB0E4B4010FE}.DebugLocal|Any CPU.Deploy.0 = Debug|Any CPU
		{D5BA153F-E44C-4A1F-9A11-FB0E4B4010FE}.DebugLocal|Mixed Platforms.ActiveCfg = Debug|Any CPU
		{D5BA153F-E44C-4A1F-9A11-FB0E4B4010FE}.DebugLocal|Mixed Platforms.Build.0 = Debug|Any CPU
		{D5BA153F-E44C-4A1F-9A11-FB0E4B4010FE}.DebugLocal|Mixed Platforms.Deploy.0 = Debug|Any CPU
		{D5BA153F-E44C-4A1F-9A11-FB0E4B4010FE}.Production|.NET.ActiveCfg = Debug|Any CPU
		{D5BA153F-E44C-4A1F-9A11-FB0E4B4010FE}.Production|Any CPU.ActiveCfg = Debug|Any CPU
		{D5BA153F-E44C-4A1F-9A11-FB0E4B4010FE}.Production|Any CPU.Build.0 = Debug|Any CPU
		{D5BA153F-E44C-4A1F-9A11-FB0E4B4010FE}.Production|Any CPU.Deploy.0 = Debug|Any CPU
		{D5BA153F-E44C-4A1F-9A11-FB0E4B4010FE}.Production|Mixed Platforms.ActiveCfg = Debug|Any CPU
		{D5BA153F-E44C-4A1F-9A11-FB0E4B4010FE}.Production|Mixed Platforms.Build.0 = Debug|Any CPU
		{D5BA153F-E44C-4A1F-9A11-FB0E4B4010FE}.Production|Mixed Platforms.Deploy.0 = Debug|Any CPU
		{D5BA153F-E44C-4A1F-9A11-FB0E4B4010FE}.Release|.NET.ActiveCfg = Release|Any CPU
		{D5BA153F-E44C-4A1F-9A11-FB0E4B4010FE}.Release|Any CPU.ActiveCfg = Release|Any CPU
		{D5BA153F-E44C-4A1F-9A11-FB0E4B4010FE}.Release|Any CPU.Build.0 = Release|Any CPU
		{D5BA153F-E44C-4A1F-9A11-FB0E4B4010FE}.Release|Any CPU.Deploy.0 = Release|Any CPU
		{D5BA153F-E44C-4A1F-9A11-FB0E4B4010FE}.Release|Mixed Platforms.ActiveCfg = Release|Any CPU
		{D5BA153F-E44C-4A1F-9A11-FB0E4B4010FE}.Release|Mixed Platforms.Build.0 = Release|Any CPU
		{D5BA153F-E44C-4A1F-9A11-FB0E4B4010FE}.Release|Mixed Platforms.Deploy.0 = Release|Any CPU
	EndGlobalSection
	GlobalSection(SolutionProperties) = preSolution
		HideSolutionNode = FALSE
	EndGlobalSection
EndGlobal
