
Microsoft Visual Studio Solution File, Format Version 10.00
# Visual Studio 2008
Project("{E24C65DC-7377-472B-9ABA-BC803B73C61A}") = "AD419.Web", "AD419.Web", "{ECD67EBA-273F-432A-93B3-1330413CACFF}"
	ProjectSection(WebsiteProperties) = preProject
		SccProjectName = "SAK"
		SccAuxPath = "SAK"
		SccLocalPath = "SAK"
		SccProvider = "SAK"
		TargetFramework = "3.5"
		Debug.AspNetCompiler.VirtualPath = "/AD419.Web"
		Debug.AspNetCompiler.PhysicalPath = "AD419.Web\"
		Debug.AspNetCompiler.TargetPath = "PrecompiledWeb\AD419.Web\"
		Debug.AspNetCompiler.Updateable = "true"
		Debug.AspNetCompiler.ForceOverwrite = "true"
		Debug.AspNetCompiler.FixedNames = "false"
		Debug.AspNetCompiler.Debug = "True"
		Release.AspNetCompiler.VirtualPath = "/AD419.Web"
		Release.AspNetCompiler.PhysicalPath = "AD419.Web\"
		Release.AspNetCompiler.TargetPath = "PrecompiledWeb\AD419.Web\"
		Release.AspNetCompiler.Updateable = "true"
		Release.AspNetCompiler.ForceOverwrite = "true"
		Release.AspNetCompiler.FixedNames = "false"
		Release.AspNetCompiler.Debug = "False"
		VWDPort = "48631"
	EndProjectSection
EndProject
Project("{54435603-DBB4-11D2-8724-00A0C9A8B90C}") = "AD419_Setup", "AD419.Setup\AD419_Setup.vdproj", "{6016D790-8B23-4911-BD3D-F9833383FC22}"
EndProject
Project("{F14B399A-7131-4C87-9E4B-1186C45EF12D}") = "AD419Reports", "AD419.Reports\AD419Reports\AD419Reports.rptproj", "{F6BCE6B8-1497-421F-A9E0-539197D6A5A0}"
EndProject
Global
	GlobalSection(TeamFoundationVersionControl) = preSolution
		SccNumberOfProjects = 4
		SccEnterpriseProvider = {4CA58AB2-18FA-4F8D-95D4-32DDF27D184C}
		SccTeamFoundationServer = http://1x:8080/
		SccLocalPath0 = .
		SccProjectUniqueName1 = AD419.Setup\\AD419_Setup.vdproj
		SccProjectName1 = AD419.Setup
		SccLocalPath1 = AD419.Setup
		SccWebProject2 = true
		SccProjectUniqueName2 = AD419.Web
		SccLocalPath2 = .
		SccProjectFilePathRelativizedFromConnection2 = AD419.Web\\
		SccProjectEnlistmentChoice2 = 2
		SccProjectUniqueName3 = AD419.Reports\\AD419Reports\\AD419Reports.rptproj
		SccProjectName3 = AD419.Reports/AD419Reports
		SccLocalPath3 = AD419.Reports\\AD419Reports
	EndGlobalSection
	GlobalSection(SolutionConfigurationPlatforms) = preSolution
		Debug|.NET = Debug|.NET
		Debug|Any CPU = Debug|Any CPU
		Debug|Mixed Platforms = Debug|Mixed Platforms
		DebugLocal|.NET = DebugLocal|.NET
		DebugLocal|Any CPU = DebugLocal|Any CPU
		DebugLocal|Mixed Platforms = DebugLocal|Mixed Platforms
		Production|.NET = Production|.NET
		Production|Any CPU = Production|Any CPU
		Production|Mixed Platforms = Production|Mixed Platforms
		Release|.NET = Release|.NET
		Release|Any CPU = Release|Any CPU
		Release|Mixed Platforms = Release|Mixed Platforms
	EndGlobalSection
	GlobalSection(ProjectConfigurationPlatforms) = postSolution
		{ECD67EBA-273F-432A-93B3-1330413CACFF}.Debug|.NET.ActiveCfg = Debug|.NET
		{ECD67EBA-273F-432A-93B3-1330413CACFF}.Debug|.NET.Build.0 = Debug|.NET
		{ECD67EBA-273F-432A-93B3-1330413CACFF}.Debug|Any CPU.ActiveCfg = Debug|.NET
		{ECD67EBA-273F-432A-93B3-1330413CACFF}.Debug|Mixed Platforms.ActiveCfg = Debug|.NET
		{ECD67EBA-273F-432A-93B3-1330413CACFF}.Debug|Mixed Platforms.Build.0 = Debug|.NET
		{ECD67EBA-273F-432A-93B3-1330413CACFF}.DebugLocal|.NET.ActiveCfg = Debug|.NET
		{ECD67EBA-273F-432A-93B3-1330413CACFF}.DebugLocal|.NET.Build.0 = Debug|.NET
		{ECD67EBA-273F-432A-93B3-1330413CACFF}.DebugLocal|Any CPU.ActiveCfg = Debug|.NET
		{ECD67EBA-273F-432A-93B3-1330413CACFF}.DebugLocal|Mixed Platforms.ActiveCfg = Debug|.NET
		{ECD67EBA-273F-432A-93B3-1330413CACFF}.DebugLocal|Mixed Platforms.Build.0 = Debug|.NET
		{ECD67EBA-273F-432A-93B3-1330413CACFF}.Production|.NET.ActiveCfg = Debug|.NET
		{ECD67EBA-273F-432A-93B3-1330413CACFF}.Production|.NET.Build.0 = Debug|.NET
		{ECD67EBA-273F-432A-93B3-1330413CACFF}.Production|Any CPU.ActiveCfg = Debug|.NET
		{ECD67EBA-273F-432A-93B3-1330413CACFF}.Production|Mixed Platforms.ActiveCfg = Debug|.NET
		{ECD67EBA-273F-432A-93B3-1330413CACFF}.Production|Mixed Platforms.Build.0 = Debug|.NET
		{ECD67EBA-273F-432A-93B3-1330413CACFF}.Release|.NET.ActiveCfg = Debug|.NET
		{ECD67EBA-273F-432A-93B3-1330413CACFF}.Release|.NET.Build.0 = Debug|.NET
		{ECD67EBA-273F-432A-93B3-1330413CACFF}.Release|Any CPU.ActiveCfg = Debug|.NET
		{ECD67EBA-273F-432A-93B3-1330413CACFF}.Release|Mixed Platforms.ActiveCfg = Debug|.NET
		{ECD67EBA-273F-432A-93B3-1330413CACFF}.Release|Mixed Platforms.Build.0 = Debug|.NET
		{6016D790-8B23-4911-BD3D-F9833383FC22}.Debug|.NET.ActiveCfg = Debug
		{6016D790-8B23-4911-BD3D-F9833383FC22}.Debug|.NET.Build.0 = Debug
		{6016D790-8B23-4911-BD3D-F9833383FC22}.Debug|Any CPU.ActiveCfg = Debug
		{6016D790-8B23-4911-BD3D-F9833383FC22}.Debug|Any CPU.Build.0 = Debug
		{6016D790-8B23-4911-BD3D-F9833383FC22}.Debug|Mixed Platforms.ActiveCfg = Debug
		{6016D790-8B23-4911-BD3D-F9833383FC22}.DebugLocal|.NET.ActiveCfg = Debug
		{6016D790-8B23-4911-BD3D-F9833383FC22}.DebugLocal|.NET.Build.0 = Debug
		{6016D790-8B23-4911-BD3D-F9833383FC22}.DebugLocal|Any CPU.ActiveCfg = Debug
		{6016D790-8B23-4911-BD3D-F9833383FC22}.DebugLocal|Any CPU.Build.0 = Debug
		{6016D790-8B23-4911-BD3D-F9833383FC22}.DebugLocal|Mixed Platforms.ActiveCfg = Debug
		{6016D790-8B23-4911-BD3D-F9833383FC22}.DebugLocal|Mixed Platforms.Build.0 = Debug
		{6016D790-8B23-4911-BD3D-F9833383FC22}.Production|.NET.ActiveCfg = Release
		{6016D790-8B23-4911-BD3D-F9833383FC22}.Production|.NET.Build.0 = Release
		{6016D790-8B23-4911-BD3D-F9833383FC22}.Production|Any CPU.ActiveCfg = Release
		{6016D790-8B23-4911-BD3D-F9833383FC22}.Production|Any CPU.Build.0 = Release
		{6016D790-8B23-4911-BD3D-F9833383FC22}.Production|Mixed Platforms.ActiveCfg = Release
		{6016D790-8B23-4911-BD3D-F9833383FC22}.Production|Mixed Platforms.Build.0 = Release
		{6016D790-8B23-4911-BD3D-F9833383FC22}.Release|.NET.ActiveCfg = Release
		{6016D790-8B23-4911-BD3D-F9833383FC22}.Release|.NET.Build.0 = Release
		{6016D790-8B23-4911-BD3D-F9833383FC22}.Release|Any CPU.ActiveCfg = Release
		{6016D790-8B23-4911-BD3D-F9833383FC22}.Release|Any CPU.Build.0 = Release
		{6016D790-8B23-4911-BD3D-F9833383FC22}.Release|Mixed Platforms.ActiveCfg = Release
		{6016D790-8B23-4911-BD3D-F9833383FC22}.Release|Mixed Platforms.Build.0 = Release
		{F6BCE6B8-1497-421F-A9E0-539197D6A5A0}.Debug|.NET.ActiveCfg = DebugLocal
		{F6BCE6B8-1497-421F-A9E0-539197D6A5A0}.Debug|.NET.Build.0 = DebugLocal
		{F6BCE6B8-1497-421F-A9E0-539197D6A5A0}.Debug|.NET.Deploy.0 = DebugLocal
		{F6BCE6B8-1497-421F-A9E0-539197D6A5A0}.Debug|Any CPU.ActiveCfg = DebugLocal
		{F6BCE6B8-1497-421F-A9E0-539197D6A5A0}.Debug|Any CPU.Build.0 = DebugLocal
		{F6BCE6B8-1497-421F-A9E0-539197D6A5A0}.Debug|Any CPU.Deploy.0 = DebugLocal
		{F6BCE6B8-1497-421F-A9E0-539197D6A5A0}.Debug|Mixed Platforms.ActiveCfg = DebugLocal
		{F6BCE6B8-1497-421F-A9E0-539197D6A5A0}.Debug|Mixed Platforms.Build.0 = DebugLocal
		{F6BCE6B8-1497-421F-A9E0-539197D6A5A0}.Debug|Mixed Platforms.Deploy.0 = DebugLocal
		{F6BCE6B8-1497-421F-A9E0-539197D6A5A0}.DebugLocal|.NET.ActiveCfg = DebugLocal
		{F6BCE6B8-1497-421F-A9E0-539197D6A5A0}.DebugLocal|.NET.Build.0 = DebugLocal
		{F6BCE6B8-1497-421F-A9E0-539197D6A5A0}.DebugLocal|.NET.Deploy.0 = DebugLocal
		{F6BCE6B8-1497-421F-A9E0-539197D6A5A0}.DebugLocal|Any CPU.ActiveCfg = DebugLocal
		{F6BCE6B8-1497-421F-A9E0-539197D6A5A0}.DebugLocal|Any CPU.Build.0 = DebugLocal
		{F6BCE6B8-1497-421F-A9E0-539197D6A5A0}.DebugLocal|Any CPU.Deploy.0 = DebugLocal
		{F6BCE6B8-1497-421F-A9E0-539197D6A5A0}.DebugLocal|Mixed Platforms.ActiveCfg = DebugLocal
		{F6BCE6B8-1497-421F-A9E0-539197D6A5A0}.DebugLocal|Mixed Platforms.Build.0 = DebugLocal
		{F6BCE6B8-1497-421F-A9E0-539197D6A5A0}.DebugLocal|Mixed Platforms.Deploy.0 = DebugLocal
		{F6BCE6B8-1497-421F-A9E0-539197D6A5A0}.Production|.NET.ActiveCfg = Production
		{F6BCE6B8-1497-421F-A9E0-539197D6A5A0}.Production|.NET.Build.0 = Production
		{F6BCE6B8-1497-421F-A9E0-539197D6A5A0}.Production|.NET.Deploy.0 = Production
		{F6BCE6B8-1497-421F-A9E0-539197D6A5A0}.Production|Any CPU.ActiveCfg = Production
		{F6BCE6B8-1497-421F-A9E0-539197D6A5A0}.Production|Any CPU.Build.0 = Production
		{F6BCE6B8-1497-421F-A9E0-539197D6A5A0}.Production|Any CPU.Deploy.0 = Production
		{F6BCE6B8-1497-421F-A9E0-539197D6A5A0}.Production|Mixed Platforms.ActiveCfg = Production
		{F6BCE6B8-1497-421F-A9E0-539197D6A5A0}.Production|Mixed Platforms.Build.0 = Production
		{F6BCE6B8-1497-421F-A9E0-539197D6A5A0}.Production|Mixed Platforms.Deploy.0 = Production
		{F6BCE6B8-1497-421F-A9E0-539197D6A5A0}.Release|.NET.ActiveCfg = Production
		{F6BCE6B8-1497-421F-A9E0-539197D6A5A0}.Release|.NET.Build.0 = Production
		{F6BCE6B8-1497-421F-A9E0-539197D6A5A0}.Release|.NET.Deploy.0 = Production
		{F6BCE6B8-1497-421F-A9E0-539197D6A5A0}.Release|Any CPU.ActiveCfg = Production
		{F6BCE6B8-1497-421F-A9E0-539197D6A5A0}.Release|Any CPU.Build.0 = Production
		{F6BCE6B8-1497-421F-A9E0-539197D6A5A0}.Release|Any CPU.Deploy.0 = Production
		{F6BCE6B8-1497-421F-A9E0-539197D6A5A0}.Release|Mixed Platforms.ActiveCfg = Production
		{F6BCE6B8-1497-421F-A9E0-539197D6A5A0}.Release|Mixed Platforms.Build.0 = Production
		{F6BCE6B8-1497-421F-A9E0-539197D6A5A0}.Release|Mixed Platforms.Deploy.0 = Production
	EndGlobalSection
	GlobalSection(SolutionProperties) = preSolution
		HideSolutionNode = FALSE
	EndGlobalSection
EndGlobal
