
Microsoft Visual Studio Solution File, Format Version 9.00
# Visual Studio 2005
Project("{E24C65DC-7377-472B-9ABA-BC803B73C61A}") = "Z:\AD419\", "..\AD419", "{35464676-B0AE-4E7A-8114-D787E7DE5AF0}"
	ProjectSection(WebsiteProperties) = preProject
		SccProjectName = ""$/AD419", ZILAAAAA"
		SccAuxPath = ""
		SccLocalPath = "."
		SccProvider = "MSSCCI:Microsoft Visual SourceSafe"
		Debug.AspNetCompiler.VirtualPath = "/AD419"
		Debug.AspNetCompiler.PhysicalPath = "Z:\AD419\"
		Debug.AspNetCompiler.TargetPath = "PrecompiledWeb\AD419\"
		Debug.AspNetCompiler.Updateable = "true"
		Debug.AspNetCompiler.ForceOverwrite = "true"
		Debug.AspNetCompiler.FixedNames = "false"
		Debug.AspNetCompiler.Debug = "True"
		Release.AspNetCompiler.VirtualPath = "/AD419"
		Release.AspNetCompiler.PhysicalPath = "Z:\AD419\"
		Release.AspNetCompiler.TargetPath = "PrecompiledWeb\AD419\"
		Release.AspNetCompiler.Updateable = "true"
		Release.AspNetCompiler.ForceOverwrite = "true"
		Release.AspNetCompiler.FixedNames = "false"
		Release.AspNetCompiler.Debug = "False"
		VWDPort = "2595"
	EndProjectSection
EndProject
Global
	GlobalSection(SourceCodeControl) = preSolution
		SccNumberOfProjects = 1
		SccWebProject0 = true
		SccProjectUniqueName0 = .
		SccProjectName0 = \u0022$/AD419\u0022,\u0020ZILAAAAA
		SccLocalPath0 = .
		SccProvider0 = MSSCCI:Microsoft\u0020Visual\u0020SourceSafe
		SccProjectEnlistmentChoice0 = 2
	EndGlobalSection
	GlobalSection(SolutionConfigurationPlatforms) = preSolution
		Debug|.NET = Debug|.NET
	EndGlobalSection
	GlobalSection(ProjectConfigurationPlatforms) = postSolution
		{35464676-B0AE-4E7A-8114-D787E7DE5AF0}.Debug|.NET.ActiveCfg = Debug|.NET
		{35464676-B0AE-4E7A-8114-D787E7DE5AF0}.Debug|.NET.Build.0 = Debug|.NET
	EndGlobalSection
	GlobalSection(SolutionProperties) = preSolution
		HideSolutionNode = FALSE
	EndGlobalSection
EndGlobal
